<Solution>
  <Folder Name="/src/">
    <Project Path="src/RMS.API/RMS.API.csproj" />
    <Project Path="src/RMS.Application/RMS.Application.csproj" />
    <Project Path="src/RMS.Domain/RMS.Domain.csproj" />
    <Project Path="src/RMS.Infrastructure/RMS.Infrastructure.csproj" />
  </Folder>
  <Folder Name="/src/RMS.Tests/">
    <Project Path="src/RMS.Tests/RMS.IntegrationTests/RMS.IntegrationTests.csproj" />
    <Project Path="src/RMS.Tests/RMS.UnitTests/RMS.UnitTests.csproj" />
  </Folder>
</Solution>
